
Microsoft Visual Studio Solution File, Format Version 12.00
# Visual Studio Version 16
VisualStudioVersion = 16.0.31321.278
MinimumVisualStudioVersion = 10.0.40219.1
Project("{FAE04EC0-301F-11D3-BF4B-00C04F79EFBC}") = "TasKagitMakasOyunu", "TasKagitMakasOyunu\TasKagitMakasOyunu.csproj", "{2B873F9B-EFC6-4C29-BB97-8468E1FCB381}"
EndProject
Global
	GlobalSection(SolutionConfigurationPlatforms) = preSolution
		Debug|Any CPU = Debug|Any CPU
		Release|Any CPU = Release|Any CPU
	EndGlobalSection
	GlobalSection(ProjectConfigurationPlatforms) = postSolution
		{2B873F9B-EFC6-4C29-BB97-8468E1FCB381}.Debug|Any CPU.ActiveCfg = Debug|Any CPU
		{2B873F9B-EFC6-4C29-BB97-8468E1FCB381}.Debug|Any CPU.Build.0 = Debug|Any CPU
		{2B873F9B-EFC6-4C29-BB97-8468E1FCB381}.Release|Any CPU.ActiveCfg = Release|Any CPU
		{2B873F9B-EFC6-4C29-BB97-8468E1FCB381}.Release|Any CPU.Build.0 = Release|Any CPU
	EndGlobalSection
	GlobalSection(SolutionProperties) = preSolution
		HideSolutionNode = FALSE
	EndGlobalSection
	GlobalSection(ExtensibilityGlobals) = postSolution
		SolutionGuid = {5F0C621B-415F-41DE-841C-EDCD8D200F97}
	EndGlobalSection
EndGlobal
